
Microsoft Visual Studio Solution File, Format Version 12.00
# Visual Studio 14
VisualStudioVersion = 14.0.25420.1
MinimumVisualStudioVersion = 10.0.40219.1
Project("{FAE04EC0-301F-11D3-BF4B-00C04F79EFBC}") = "TModelCheck", "TModelCheck.csproj", "{9B62E0A4-8746-4A02-AE92-CF6E4B9F8FD0}"
EndProject
Project("{FAE04EC0-301F-11D3-BF4B-00C04F79EFBC}") = "IModel", "..\..\Model\IModel\IModel.csproj", "{6D2404C0-7F69-4A66-8326-253AED706620}"
EndProject
Project("{FAE04EC0-301F-11D3-BF4B-00C04F79EFBC}") = "TModel", "..\..\Model\TModel\TModel.csproj", "{89C37F37-52F9-42FA-8A8E-C145CD6ABB64}"
EndProject
Project("{FAE04EC0-301F-11D3-BF4B-00C04F79EFBC}") = "ModelConvertCodeGenerator", "..\ModelConvertCodeGenerator\ModelConvertCodeGenerator.csproj", "{5444E2DB-D491-4894-B796-3339F82199D7}"
EndProject
Global
	GlobalSection(SolutionConfigurationPlatforms) = preSolution
		Debug|Any CPU = Debug|Any CPU
		Release|Any CPU = Release|Any CPU
	EndGlobalSection
	GlobalSection(ProjectConfigurationPlatforms) = postSolution
		{9B62E0A4-8746-4A02-AE92-CF6E4B9F8FD0}.Debug|Any CPU.ActiveCfg = Debug|Any CPU
		{9B62E0A4-8746-4A02-AE92-CF6E4B9F8FD0}.Debug|Any CPU.Build.0 = Debug|Any CPU
		{9B62E0A4-8746-4A02-AE92-CF6E4B9F8FD0}.Release|Any CPU.ActiveCfg = Release|Any CPU
		{9B62E0A4-8746-4A02-AE92-CF6E4B9F8FD0}.Release|Any CPU.Build.0 = Release|Any CPU
		{6D2404C0-7F69-4A66-8326-253AED706620}.Debug|Any CPU.ActiveCfg = Debug|Any CPU
		{6D2404C0-7F69-4A66-8326-253AED706620}.Debug|Any CPU.Build.0 = Debug|Any CPU
		{6D2404C0-7F69-4A66-8326-253AED706620}.Release|Any CPU.ActiveCfg = Release|Any CPU
		{6D2404C0-7F69-4A66-8326-253AED706620}.Release|Any CPU.Build.0 = Release|Any CPU
		{89C37F37-52F9-42FA-8A8E-C145CD6ABB64}.Debug|Any CPU.ActiveCfg = Debug|Any CPU
		{89C37F37-52F9-42FA-8A8E-C145CD6ABB64}.Debug|Any CPU.Build.0 = Debug|Any CPU
		{89C37F37-52F9-42FA-8A8E-C145CD6ABB64}.Release|Any CPU.ActiveCfg = Release|Any CPU
		{89C37F37-52F9-42FA-8A8E-C145CD6ABB64}.Release|Any CPU.Build.0 = Release|Any CPU
		{5444E2DB-D491-4894-B796-3339F82199D7}.Debug|Any CPU.ActiveCfg = Debug|Any CPU
		{5444E2DB-D491-4894-B796-3339F82199D7}.Debug|Any CPU.Build.0 = Debug|Any CPU
		{5444E2DB-D491-4894-B796-3339F82199D7}.Release|Any CPU.ActiveCfg = Release|Any CPU
		{5444E2DB-D491-4894-B796-3339F82199D7}.Release|Any CPU.Build.0 = Release|Any CPU
	EndGlobalSection
	GlobalSection(SolutionProperties) = preSolution
		HideSolutionNode = FALSE
	EndGlobalSection
EndGlobal
