
Microsoft Visual Studio Solution File, Format Version 12.00
# Visual Studio 15
VisualStudioVersion = 15.0.28010.2050
MinimumVisualStudioVersion = 10.0.40219.1
Project("{FAE04EC0-301F-11D3-BF4B-00C04F79EFBC}") = "AutoCADCommands", "Tools\AutoCADCommands\AutoCADCommands.csproj", "{C5F6C326-952B-43E8-9830-311F190BAB11}"
EndProject
Project("{FAE04EC0-301F-11D3-BF4B-00C04F79EFBC}") = "IModel", "Model\IModel\IModel.csproj", "{6D2404C0-7F69-4A66-8326-253AED706620}"
EndProject
Project("{FAE04EC0-301F-11D3-BF4B-00C04F79EFBC}") = "TModel", "Model\TModel\TModel.csproj", "{89C37F37-52F9-42FA-8A8E-C145CD6ABB64}"
EndProject
Project("{FAE04EC0-301F-11D3-BF4B-00C04F79EFBC}") = "DbModel", "Model\DbModel\DbModel.csproj", "{A72A90C4-C195-49EC-850E-EE6205680256}"
EndProject
Global
	GlobalSection(SolutionConfigurationPlatforms) = preSolution
		Debug|Any CPU = Debug|Any CPU
		Release|Any CPU = Release|Any CPU
	EndGlobalSection
	GlobalSection(ProjectConfigurationPlatforms) = postSolution
		{C5F6C326-952B-43E8-9830-311F190BAB11}.Debug|Any CPU.ActiveCfg = Debug|Any CPU
		{C5F6C326-952B-43E8-9830-311F190BAB11}.Debug|Any CPU.Build.0 = Debug|Any CPU
		{C5F6C326-952B-43E8-9830-311F190BAB11}.Release|Any CPU.ActiveCfg = Release|Any CPU
		{C5F6C326-952B-43E8-9830-311F190BAB11}.Release|Any CPU.Build.0 = Release|Any CPU
		{6D2404C0-7F69-4A66-8326-253AED706620}.Debug|Any CPU.ActiveCfg = Debug|Any CPU
		{6D2404C0-7F69-4A66-8326-253AED706620}.Debug|Any CPU.Build.0 = Debug|Any CPU
		{6D2404C0-7F69-4A66-8326-253AED706620}.Release|Any CPU.ActiveCfg = Release|Any CPU
		{6D2404C0-7F69-4A66-8326-253AED706620}.Release|Any CPU.Build.0 = Release|Any CPU
		{89C37F37-52F9-42FA-8A8E-C145CD6ABB64}.Debug|Any CPU.ActiveCfg = Debug|Any CPU
		{89C37F37-52F9-42FA-8A8E-C145CD6ABB64}.Debug|Any CPU.Build.0 = Debug|Any CPU
		{89C37F37-52F9-42FA-8A8E-C145CD6ABB64}.Release|Any CPU.ActiveCfg = Release|Any CPU
		{89C37F37-52F9-42FA-8A8E-C145CD6ABB64}.Release|Any CPU.Build.0 = Release|Any CPU
		{A72A90C4-C195-49EC-850E-EE6205680256}.Debug|Any CPU.ActiveCfg = Debug|Any CPU
		{A72A90C4-C195-49EC-850E-EE6205680256}.Debug|Any CPU.Build.0 = Debug|Any CPU
		{A72A90C4-C195-49EC-850E-EE6205680256}.Release|Any CPU.ActiveCfg = Release|Any CPU
		{A72A90C4-C195-49EC-850E-EE6205680256}.Release|Any CPU.Build.0 = Release|Any CPU
	EndGlobalSection
	GlobalSection(SolutionProperties) = preSolution
		HideSolutionNode = FALSE
	EndGlobalSection
	GlobalSection(ExtensibilityGlobals) = postSolution
		SolutionGuid = {C5B2F6BD-5EB1-4258-BF64-1CFC2417AE6D}
	EndGlobalSection
EndGlobal
