
Microsoft Visual Studio Solution File, Format Version 12.00
# Visual Studio 15
VisualStudioVersion = 15.0.28307.421
MinimumVisualStudioVersion = 10.0.40219.1
Project("{FAE04EC0-301F-11D3-BF4B-00C04F79EFBC}") = "Location.Server", "Server\WCFServer\LocationWCF\Location.Server.csproj", "{3236F096-0351-411A-AD3E-9316B03AAD05}"
	ProjectSection(ProjectDependencies) = postProject
		{7327244D-E163-4C35-9C1A-8DBDF06B9408} = {7327244D-E163-4C35-9C1A-8DBDF06B9408}
		{13CCC157-451B-4249-BD65-A4DB04A5C143} = {13CCC157-451B-4249-BD65-A4DB04A5C143}
		{1D07F8B3-0C29-4257-B632-88E2BA92A265} = {1D07F8B3-0C29-4257-B632-88E2BA92A265}
		{72E591D6-8F83-4D8C-8F67-9C325E623234} = {72E591D6-8F83-4D8C-8F67-9C325E623234}
		{0629D8F9-CF59-4576-8D31-47D87DB57C17} = {0629D8F9-CF59-4576-8D31-47D87DB57C17}
	EndProjectSection
EndProject
Project("{FAE04EC0-301F-11D3-BF4B-00C04F79EFBC}") = "Location.Service", "Service\LocationWCF\Location.Service.csproj", "{39D91B65-547F-401A-A2C7-9DF2EE514225}"
	ProjectSection(ProjectDependencies) = postProject
		{3D7F7707-A518-4FC2-ABDC-CAD0A1712680} = {3D7F7707-A518-4FC2-ABDC-CAD0A1712680}
		{C3D77C78-C78F-4E18-8AE1-BB29D3E30A9B} = {C3D77C78-C78F-4E18-8AE1-BB29D3E30A9B}
		{A1B87D98-60DF-4F13-976C-B776F6415626} = {A1B87D98-60DF-4F13-976C-B776F6415626}
	EndProjectSection
EndProject
Project("{FAE04EC0-301F-11D3-BF4B-00C04F79EFBC}") = "ExcelLib", "Third\Projects\ExcelLib\ExcelLib.csproj", "{A1B87D98-60DF-4F13-976C-B776F6415626}"
EndProject
Project("{FAE04EC0-301F-11D3-BF4B-00C04F79EFBC}") = "DbModel", "Model\DbModel\DbModel.csproj", "{A72A90C4-C195-49EC-850E-EE6205680256}"
	ProjectSection(ProjectDependencies) = postProject
		{89C37F37-52F9-42FA-8A8E-C145CD6ABB64} = {89C37F37-52F9-42FA-8A8E-C145CD6ABB64}
	EndProjectSection
EndProject
Project("{FAE04EC0-301F-11D3-BF4B-00C04F79EFBC}") = "TModel", "Model\TModel\TModel.csproj", "{89C37F37-52F9-42FA-8A8E-C145CD6ABB64}"
EndProject
Project("{FAE04EC0-301F-11D3-BF4B-00C04F79EFBC}") = "IModel", "Model\IModel\IModel.csproj", "{6D2404C0-7F69-4A66-8326-253AED706620}"
EndProject
Project("{FAE04EC0-301F-11D3-BF4B-00C04F79EFBC}") = "BLL", "BLL\BLL\BLL.csproj", "{C3D77C78-C78F-4E18-8AE1-BB29D3E30A9B}"
EndProject
Project("{FAE04EC0-301F-11D3-BF4B-00C04F79EFBC}") = "DAL", "DAL\DAL\DAL.csproj", "{3D7F7707-A518-4FC2-ABDC-CAD0A1712680}"
	ProjectSection(ProjectDependencies) = postProject
		{89C37F37-52F9-42FA-8A8E-C145CD6ABB64} = {89C37F37-52F9-42FA-8A8E-C145CD6ABB64}
	EndProjectSection
EndProject
Project("{FAE04EC0-301F-11D3-BF4B-00C04F79EFBC}") = "WebApiCommunication", "WebApi\WebApiComunication\WebApiCommunication.csproj", "{474692D2-FC7E-4835-87A0-089BC2F88AF0}"
EndProject
Project("{FAE04EC0-301F-11D3-BF4B-00C04F79EFBC}") = "WebApiClients", "WebApi\WebApiLib\WebApiClients.csproj", "{78DC1103-E23B-423A-A1B3-F7022934DD1C}"
EndProject
Project("{FAE04EC0-301F-11D3-BF4B-00C04F79EFBC}") = "WPFClientControlLib", "Client\WPFWCFClient\WPFClientControlLib\WPFClientControlLib.csproj", "{2F461217-F714-4546-9302-D17C3F730DED}"
EndProject
Project("{FAE04EC0-301F-11D3-BF4B-00C04F79EFBC}") = "WebApiService", "Service\WebApiService\WebApiService.csproj", "{905F4BF7-3D5D-4A15-850D-874C4056AA01}"
EndProject
Project("{FAE04EC0-301F-11D3-BF4B-00C04F79EFBC}") = "WebApiService.SelfHost", "Service\WebApiService.SelfHost\WebApiService.SelfHost.csproj", "{6CEBF614-6907-4A74-8733-61AA4E4CC8D7}"
EndProject
Project("{FAE04EC0-301F-11D3-BF4B-00C04F79EFBC}") = "SignalRService", "Service\SignalRService\SignalRService.csproj", "{0167A6E9-B1C4-493F-80BB-40747EDB1FFD}"
EndProject
Project("{FAE04EC0-301F-11D3-BF4B-00C04F79EFBC}") = "WebNSQLib", "WebApi\WebNSQLib\WebNSQLib.csproj", "{13CCC157-451B-4249-BD65-A4DB04A5C143}"
EndProject
Project("{FAE04EC0-301F-11D3-BF4B-00C04F79EFBC}") = "NsqSharp", "WebApi\NsqSharp\NsqSharp.csproj", "{7327244D-E163-4C35-9C1A-8DBDF06B9408}"
EndProject
Project("{FAE04EC0-301F-11D3-BF4B-00C04F79EFBC}") = "Xceed.Wpf.Toolkit", "Third\Projects\wpftoolkit-master\ExtendedWPFToolkitSolution\Src\Xceed.Wpf.Toolkit\Xceed.Wpf.Toolkit.csproj", "{72E591D6-8F83-4D8C-8F67-9C325E623234}"
EndProject
Project("{FAE04EC0-301F-11D3-BF4B-00C04F79EFBC}") = "EngineClient", "Server\WCFServer\Tools\EngineClient\EngineClient.csproj", "{0629D8F9-CF59-4576-8D31-47D87DB57C17}"
	ProjectSection(ProjectDependencies) = postProject
		{1D07F8B3-0C29-4257-B632-88E2BA92A265} = {1D07F8B3-0C29-4257-B632-88E2BA92A265}
	EndProjectSection
EndProject
Project("{FAE04EC0-301F-11D3-BF4B-00C04F79EFBC}") = "PositionSimulation", "Server\WCFServer\Tools\PositionSimulation\PositionSimulation.csproj", "{1D07F8B3-0C29-4257-B632-88E2BA92A265}"
EndProject
Project("{FAE04EC0-301F-11D3-BF4B-00C04F79EFBC}") = "ArchorUDPTool", "Server\WCFServer\Tools\ArchorUDPTool\ArchorUDPTool.csproj", "{A88D0971-0C84-442A-A8AB-9D41594C81BE}"
EndProject
Project("{FAE04EC0-301F-11D3-BF4B-00C04F79EFBC}") = "UDPListener", "Third\Projects\UDPListener\UDPListener\UDPListener.csproj", "{EBABE58A-742B-47A8-8545-C51F4535A90E}"
EndProject
Project("{FAE04EC0-301F-11D3-BF4B-00C04F79EFBC}") = "Iridium", "Tools\Iridium\Iridium.csproj", "{51753246-D893-453C-AE47-30853665D3DF}"
EndProject
Project("{FAE04EC0-301F-11D3-BF4B-00C04F79EFBC}") = "LocationDaemon", "LocationDaemon\LocationDaemon.csproj", "{BBA7B7F9-4B0B-4468-A0F4-C46E5AD1158E}"
EndProject
Project("{FAE04EC0-301F-11D3-BF4B-00C04F79EFBC}") = "SelfBatchImport", "SelfBatchImport\SelfBatchImport.csproj", "{1A45EE0A-4247-4918-8DDF-2848FA5049CB}"
EndProject
Project("{FAE04EC0-301F-11D3-BF4B-00C04F79EFBC}") = "NVSPlayer", "NVSPlayer\NVSPlayer.csproj", "{611C87DF-6410-4B4A-A605-85C7DC099AA8}"
EndProject
Global
	GlobalSection(SolutionConfigurationPlatforms) = preSolution
		Debug|Any CPU = Debug|Any CPU
		Debug|x86 = Debug|x86
		Design|Any CPU = Design|Any CPU
		Design|x86 = Design|x86
		Integration Tests|Any CPU = Integration Tests|Any CPU
		Integration Tests|x86 = Integration Tests|x86
		Release|Any CPU = Release|Any CPU
		Release|x86 = Release|x86
	EndGlobalSection
	GlobalSection(ProjectConfigurationPlatforms) = postSolution
		{3236F096-0351-411A-AD3E-9316B03AAD05}.Debug|Any CPU.ActiveCfg = Debug|Any CPU
		{3236F096-0351-411A-AD3E-9316B03AAD05}.Debug|Any CPU.Build.0 = Debug|Any CPU
		{3236F096-0351-411A-AD3E-9316B03AAD05}.Debug|x86.ActiveCfg = Debug|Any CPU
		{3236F096-0351-411A-AD3E-9316B03AAD05}.Debug|x86.Build.0 = Debug|Any CPU
		{3236F096-0351-411A-AD3E-9316B03AAD05}.Design|Any CPU.ActiveCfg = Debug|Any CPU
		{3236F096-0351-411A-AD3E-9316B03AAD05}.Design|Any CPU.Build.0 = Debug|Any CPU
		{3236F096-0351-411A-AD3E-9316B03AAD05}.Design|x86.ActiveCfg = Debug|Any CPU
		{3236F096-0351-411A-AD3E-9316B03AAD05}.Design|x86.Build.0 = Debug|Any CPU
		{3236F096-0351-411A-AD3E-9316B03AAD05}.Integration Tests|Any CPU.ActiveCfg = Release|Any CPU
		{3236F096-0351-411A-AD3E-9316B03AAD05}.Integration Tests|Any CPU.Build.0 = Release|Any CPU
		{3236F096-0351-411A-AD3E-9316B03AAD05}.Integration Tests|x86.ActiveCfg = Release|Any CPU
		{3236F096-0351-411A-AD3E-9316B03AAD05}.Integration Tests|x86.Build.0 = Release|Any CPU
		{3236F096-0351-411A-AD3E-9316B03AAD05}.Release|Any CPU.ActiveCfg = Release|Any CPU
		{3236F096-0351-411A-AD3E-9316B03AAD05}.Release|Any CPU.Build.0 = Release|Any CPU
		{3236F096-0351-411A-AD3E-9316B03AAD05}.Release|x86.ActiveCfg = Release|Any CPU
		{3236F096-0351-411A-AD3E-9316B03AAD05}.Release|x86.Build.0 = Release|Any CPU
		{39D91B65-547F-401A-A2C7-9DF2EE514225}.Debug|Any CPU.ActiveCfg = Debug|Any CPU
		{39D91B65-547F-401A-A2C7-9DF2EE514225}.Debug|Any CPU.Build.0 = Debug|Any CPU
		{39D91B65-547F-401A-A2C7-9DF2EE514225}.Debug|x86.ActiveCfg = Debug|Any CPU
		{39D91B65-547F-401A-A2C7-9DF2EE514225}.Debug|x86.Build.0 = Debug|Any CPU
		{39D91B65-547F-401A-A2C7-9DF2EE514225}.Design|Any CPU.ActiveCfg = Debug|Any CPU
		{39D91B65-547F-401A-A2C7-9DF2EE514225}.Design|Any CPU.Build.0 = Debug|Any CPU
		{39D91B65-547F-401A-A2C7-9DF2EE514225}.Design|x86.ActiveCfg = Debug|Any CPU
		{39D91B65-547F-401A-A2C7-9DF2EE514225}.Design|x86.Build.0 = Debug|Any CPU
		{39D91B65-547F-401A-A2C7-9DF2EE514225}.Integration Tests|Any CPU.ActiveCfg = Release|Any CPU
		{39D91B65-547F-401A-A2C7-9DF2EE514225}.Integration Tests|Any CPU.Build.0 = Release|Any CPU
		{39D91B65-547F-401A-A2C7-9DF2EE514225}.Integration Tests|x86.ActiveCfg = Release|Any CPU
		{39D91B65-547F-401A-A2C7-9DF2EE514225}.Integration Tests|x86.Build.0 = Release|Any CPU
		{39D91B65-547F-401A-A2C7-9DF2EE514225}.Release|Any CPU.ActiveCfg = Release|Any CPU
		{39D91B65-547F-401A-A2C7-9DF2EE514225}.Release|Any CPU.Build.0 = Release|Any CPU
		{39D91B65-547F-401A-A2C7-9DF2EE514225}.Release|x86.ActiveCfg = Release|Any CPU
		{39D91B65-547F-401A-A2C7-9DF2EE514225}.Release|x86.Build.0 = Release|Any CPU
		{A1B87D98-60DF-4F13-976C-B776F6415626}.Debug|Any CPU.ActiveCfg = Debug|Any CPU
		{A1B87D98-60DF-4F13-976C-B776F6415626}.Debug|Any CPU.Build.0 = Debug|Any CPU
		{A1B87D98-60DF-4F13-976C-B776F6415626}.Debug|x86.ActiveCfg = Debug|Any CPU
		{A1B87D98-60DF-4F13-976C-B776F6415626}.Debug|x86.Build.0 = Debug|Any CPU
		{A1B87D98-60DF-4F13-976C-B776F6415626}.Design|Any CPU.ActiveCfg = Debug|Any CPU
		{A1B87D98-60DF-4F13-976C-B776F6415626}.Design|Any CPU.Build.0 = Debug|Any CPU
		{A1B87D98-60DF-4F13-976C-B776F6415626}.Design|x86.ActiveCfg = Debug|Any CPU
		{A1B87D98-60DF-4F13-976C-B776F6415626}.Design|x86.Build.0 = Debug|Any CPU
		{A1B87D98-60DF-4F13-976C-B776F6415626}.Integration Tests|Any CPU.ActiveCfg = Release|Any CPU
		{A1B87D98-60DF-4F13-976C-B776F6415626}.Integration Tests|Any CPU.Build.0 = Release|Any CPU
		{A1B87D98-60DF-4F13-976C-B776F6415626}.Integration Tests|x86.ActiveCfg = Release|Any CPU
		{A1B87D98-60DF-4F13-976C-B776F6415626}.Integration Tests|x86.Build.0 = Release|Any CPU
		{A1B87D98-60DF-4F13-976C-B776F6415626}.Release|Any CPU.ActiveCfg = Release|Any CPU
		{A1B87D98-60DF-4F13-976C-B776F6415626}.Release|Any CPU.Build.0 = Release|Any CPU
		{A1B87D98-60DF-4F13-976C-B776F6415626}.Release|x86.ActiveCfg = Release|Any CPU
		{A1B87D98-60DF-4F13-976C-B776F6415626}.Release|x86.Build.0 = Release|Any CPU
		{A72A90C4-C195-49EC-850E-EE6205680256}.Debug|Any CPU.ActiveCfg = Debug|Any CPU
		{A72A90C4-C195-49EC-850E-EE6205680256}.Debug|Any CPU.Build.0 = Debug|Any CPU
		{A72A90C4-C195-49EC-850E-EE6205680256}.Debug|x86.ActiveCfg = Debug|Any CPU
		{A72A90C4-C195-49EC-850E-EE6205680256}.Debug|x86.Build.0 = Debug|Any CPU
		{A72A90C4-C195-49EC-850E-EE6205680256}.Design|Any CPU.ActiveCfg = Debug|Any CPU
		{A72A90C4-C195-49EC-850E-EE6205680256}.Design|Any CPU.Build.0 = Debug|Any CPU
		{A72A90C4-C195-49EC-850E-EE6205680256}.Design|x86.ActiveCfg = Debug|Any CPU
		{A72A90C4-C195-49EC-850E-EE6205680256}.Design|x86.Build.0 = Debug|Any CPU
		{A72A90C4-C195-49EC-850E-EE6205680256}.Integration Tests|Any CPU.ActiveCfg = Release|Any CPU
		{A72A90C4-C195-49EC-850E-EE6205680256}.Integration Tests|Any CPU.Build.0 = Release|Any CPU
		{A72A90C4-C195-49EC-850E-EE6205680256}.Integration Tests|x86.ActiveCfg = Release|Any CPU
		{A72A90C4-C195-49EC-850E-EE6205680256}.Integration Tests|x86.Build.0 = Release|Any CPU
		{A72A90C4-C195-49EC-850E-EE6205680256}.Release|Any CPU.ActiveCfg = Release|Any CPU
		{A72A90C4-C195-49EC-850E-EE6205680256}.Release|Any CPU.Build.0 = Release|Any CPU
		{A72A90C4-C195-49EC-850E-EE6205680256}.Release|x86.ActiveCfg = Release|Any CPU
		{A72A90C4-C195-49EC-850E-EE6205680256}.Release|x86.Build.0 = Release|Any CPU
		{89C37F37-52F9-42FA-8A8E-C145CD6ABB64}.Debug|Any CPU.ActiveCfg = Debug|Any CPU
		{89C37F37-52F9-42FA-8A8E-C145CD6ABB64}.Debug|Any CPU.Build.0 = Debug|Any CPU
		{89C37F37-52F9-42FA-8A8E-C145CD6ABB64}.Debug|x86.ActiveCfg = Debug|Any CPU
		{89C37F37-52F9-42FA-8A8E-C145CD6ABB64}.Debug|x86.Build.0 = Debug|Any CPU
		{89C37F37-52F9-42FA-8A8E-C145CD6ABB64}.Design|Any CPU.ActiveCfg = Debug|Any CPU
		{89C37F37-52F9-42FA-8A8E-C145CD6ABB64}.Design|Any CPU.Build.0 = Debug|Any CPU
		{89C37F37-52F9-42FA-8A8E-C145CD6ABB64}.Design|x86.ActiveCfg = Debug|Any CPU
		{89C37F37-52F9-42FA-8A8E-C145CD6ABB64}.Design|x86.Build.0 = Debug|Any CPU
		{89C37F37-52F9-42FA-8A8E-C145CD6ABB64}.Integration Tests|Any CPU.ActiveCfg = Release|Any CPU
		{89C37F37-52F9-42FA-8A8E-C145CD6ABB64}.Integration Tests|Any CPU.Build.0 = Release|Any CPU
		{89C37F37-52F9-42FA-8A8E-C145CD6ABB64}.Integration Tests|x86.ActiveCfg = Release|Any CPU
		{89C37F37-52F9-42FA-8A8E-C145CD6ABB64}.Integration Tests|x86.Build.0 = Release|Any CPU
		{89C37F37-52F9-42FA-8A8E-C145CD6ABB64}.Release|Any CPU.ActiveCfg = Release|Any CPU
		{89C37F37-52F9-42FA-8A8E-C145CD6ABB64}.Release|Any CPU.Build.0 = Release|Any CPU
		{89C37F37-52F9-42FA-8A8E-C145CD6ABB64}.Release|x86.ActiveCfg = Release|Any CPU
		{89C37F37-52F9-42FA-8A8E-C145CD6ABB64}.Release|x86.Build.0 = Release|Any CPU
		{6D2404C0-7F69-4A66-8326-253AED706620}.Debug|Any CPU.ActiveCfg = Debug|Any CPU
		{6D2404C0-7F69-4A66-8326-253AED706620}.Debug|Any CPU.Build.0 = Debug|Any CPU
		{6D2404C0-7F69-4A66-8326-253AED706620}.Debug|x86.ActiveCfg = Debug|Any CPU
		{6D2404C0-7F69-4A66-8326-253AED706620}.Debug|x86.Build.0 = Debug|Any CPU
		{6D2404C0-7F69-4A66-8326-253AED706620}.Design|Any CPU.ActiveCfg = Debug|Any CPU
		{6D2404C0-7F69-4A66-8326-253AED706620}.Design|Any CPU.Build.0 = Debug|Any CPU
		{6D2404C0-7F69-4A66-8326-253AED706620}.Design|x86.ActiveCfg = Debug|Any CPU
		{6D2404C0-7F69-4A66-8326-253AED706620}.Design|x86.Build.0 = Debug|Any CPU
		{6D2404C0-7F69-4A66-8326-253AED706620}.Integration Tests|Any CPU.ActiveCfg = Release|Any CPU
		{6D2404C0-7F69-4A66-8326-253AED706620}.Integration Tests|Any CPU.Build.0 = Release|Any CPU
		{6D2404C0-7F69-4A66-8326-253AED706620}.Integration Tests|x86.ActiveCfg = Release|Any CPU
		{6D2404C0-7F69-4A66-8326-253AED706620}.Integration Tests|x86.Build.0 = Release|Any CPU
		{6D2404C0-7F69-4A66-8326-253AED706620}.Release|Any CPU.ActiveCfg = Release|Any CPU
		{6D2404C0-7F69-4A66-8326-253AED706620}.Release|Any CPU.Build.0 = Release|Any CPU
		{6D2404C0-7F69-4A66-8326-253AED706620}.Release|x86.ActiveCfg = Release|Any CPU
		{6D2404C0-7F69-4A66-8326-253AED706620}.Release|x86.Build.0 = Release|Any CPU
		{C3D77C78-C78F-4E18-8AE1-BB29D3E30A9B}.Debug|Any CPU.ActiveCfg = Debug|Any CPU
		{C3D77C78-C78F-4E18-8AE1-BB29D3E30A9B}.Debug|Any CPU.Build.0 = Debug|Any CPU
		{C3D77C78-C78F-4E18-8AE1-BB29D3E30A9B}.Debug|x86.ActiveCfg = Debug|Any CPU
		{C3D77C78-C78F-4E18-8AE1-BB29D3E30A9B}.Debug|x86.Build.0 = Debug|Any CPU
		{C3D77C78-C78F-4E18-8AE1-BB29D3E30A9B}.Design|Any CPU.ActiveCfg = Debug|Any CPU
		{C3D77C78-C78F-4E18-8AE1-BB29D3E30A9B}.Design|Any CPU.Build.0 = Debug|Any CPU
		{C3D77C78-C78F-4E18-8AE1-BB29D3E30A9B}.Design|x86.ActiveCfg = Debug|Any CPU
		{C3D77C78-C78F-4E18-8AE1-BB29D3E30A9B}.Design|x86.Build.0 = Debug|Any CPU
		{C3D77C78-C78F-4E18-8AE1-BB29D3E30A9B}.Integration Tests|Any CPU.ActiveCfg = Release|Any CPU
		{C3D77C78-C78F-4E18-8AE1-BB29D3E30A9B}.Integration Tests|Any CPU.Build.0 = Release|Any CPU
		{C3D77C78-C78F-4E18-8AE1-BB29D3E30A9B}.Integration Tests|x86.ActiveCfg = Release|Any CPU
		{C3D77C78-C78F-4E18-8AE1-BB29D3E30A9B}.Integration Tests|x86.Build.0 = Release|Any CPU
		{C3D77C78-C78F-4E18-8AE1-BB29D3E30A9B}.Release|Any CPU.ActiveCfg = Release|Any CPU
		{C3D77C78-C78F-4E18-8AE1-BB29D3E30A9B}.Release|Any CPU.Build.0 = Release|Any CPU
		{C3D77C78-C78F-4E18-8AE1-BB29D3E30A9B}.Release|x86.ActiveCfg = Release|Any CPU
		{C3D77C78-C78F-4E18-8AE1-BB29D3E30A9B}.Release|x86.Build.0 = Release|Any CPU
		{3D7F7707-A518-4FC2-ABDC-CAD0A1712680}.Debug|Any CPU.ActiveCfg = Debug|Any CPU
		{3D7F7707-A518-4FC2-ABDC-CAD0A1712680}.Debug|Any CPU.Build.0 = Debug|Any CPU
		{3D7F7707-A518-4FC2-ABDC-CAD0A1712680}.Debug|x86.ActiveCfg = Debug|Any CPU
		{3D7F7707-A518-4FC2-ABDC-CAD0A1712680}.Debug|x86.Build.0 = Debug|Any CPU
		{3D7F7707-A518-4FC2-ABDC-CAD0A1712680}.Design|Any CPU.ActiveCfg = Debug|Any CPU
		{3D7F7707-A518-4FC2-ABDC-CAD0A1712680}.Design|Any CPU.Build.0 = Debug|Any CPU
		{3D7F7707-A518-4FC2-ABDC-CAD0A1712680}.Design|x86.ActiveCfg = Debug|Any CPU
		{3D7F7707-A518-4FC2-ABDC-CAD0A1712680}.Design|x86.Build.0 = Debug|Any CPU
		{3D7F7707-A518-4FC2-ABDC-CAD0A1712680}.Integration Tests|Any CPU.ActiveCfg = Release|Any CPU
		{3D7F7707-A518-4FC2-ABDC-CAD0A1712680}.Integration Tests|Any CPU.Build.0 = Release|Any CPU
		{3D7F7707-A518-4FC2-ABDC-CAD0A1712680}.Integration Tests|x86.ActiveCfg = Release|Any CPU
		{3D7F7707-A518-4FC2-ABDC-CAD0A1712680}.Integration Tests|x86.Build.0 = Release|Any CPU
		{3D7F7707-A518-4FC2-ABDC-CAD0A1712680}.Release|Any CPU.ActiveCfg = Release|Any CPU
		{3D7F7707-A518-4FC2-ABDC-CAD0A1712680}.Release|Any CPU.Build.0 = Release|Any CPU
		{3D7F7707-A518-4FC2-ABDC-CAD0A1712680}.Release|x86.ActiveCfg = Release|Any CPU
		{3D7F7707-A518-4FC2-ABDC-CAD0A1712680}.Release|x86.Build.0 = Release|Any CPU
		{474692D2-FC7E-4835-87A0-089BC2F88AF0}.Debug|Any CPU.ActiveCfg = Debug|Any CPU
		{474692D2-FC7E-4835-87A0-089BC2F88AF0}.Debug|Any CPU.Build.0 = Debug|Any CPU
		{474692D2-FC7E-4835-87A0-089BC2F88AF0}.Debug|x86.ActiveCfg = Debug|Any CPU
		{474692D2-FC7E-4835-87A0-089BC2F88AF0}.Debug|x86.Build.0 = Debug|Any CPU
		{474692D2-FC7E-4835-87A0-089BC2F88AF0}.Design|Any CPU.ActiveCfg = Debug|Any CPU
		{474692D2-FC7E-4835-87A0-089BC2F88AF0}.Design|Any CPU.Build.0 = Debug|Any CPU
		{474692D2-FC7E-4835-87A0-089BC2F88AF0}.Design|x86.ActiveCfg = Debug|Any CPU
		{474692D2-FC7E-4835-87A0-089BC2F88AF0}.Design|x86.Build.0 = Debug|Any CPU
		{474692D2-FC7E-4835-87A0-089BC2F88AF0}.Integration Tests|Any CPU.ActiveCfg = Release|Any CPU
		{474692D2-FC7E-4835-87A0-089BC2F88AF0}.Integration Tests|Any CPU.Build.0 = Release|Any CPU
		{474692D2-FC7E-4835-87A0-089BC2F88AF0}.Integration Tests|x86.ActiveCfg = Release|Any CPU
		{474692D2-FC7E-4835-87A0-089BC2F88AF0}.Integration Tests|x86.Build.0 = Release|Any CPU
		{474692D2-FC7E-4835-87A0-089BC2F88AF0}.Release|Any CPU.ActiveCfg = Release|Any CPU
		{474692D2-FC7E-4835-87A0-089BC2F88AF0}.Release|Any CPU.Build.0 = Release|Any CPU
		{474692D2-FC7E-4835-87A0-089BC2F88AF0}.Release|x86.ActiveCfg = Release|Any CPU
		{474692D2-FC7E-4835-87A0-089BC2F88AF0}.Release|x86.Build.0 = Release|Any CPU
		{78DC1103-E23B-423A-A1B3-F7022934DD1C}.Debug|Any CPU.ActiveCfg = Debug|Any CPU
		{78DC1103-E23B-423A-A1B3-F7022934DD1C}.Debug|Any CPU.Build.0 = Debug|Any CPU
		{78DC1103-E23B-423A-A1B3-F7022934DD1C}.Debug|x86.ActiveCfg = Debug|Any CPU
		{78DC1103-E23B-423A-A1B3-F7022934DD1C}.Debug|x86.Build.0 = Debug|Any CPU
		{78DC1103-E23B-423A-A1B3-F7022934DD1C}.Design|Any CPU.ActiveCfg = Debug|Any CPU
		{78DC1103-E23B-423A-A1B3-F7022934DD1C}.Design|Any CPU.Build.0 = Debug|Any CPU
		{78DC1103-E23B-423A-A1B3-F7022934DD1C}.Design|x86.ActiveCfg = Debug|Any CPU
		{78DC1103-E23B-423A-A1B3-F7022934DD1C}.Design|x86.Build.0 = Debug|Any CPU
		{78DC1103-E23B-423A-A1B3-F7022934DD1C}.Integration Tests|Any CPU.ActiveCfg = Release|Any CPU
		{78DC1103-E23B-423A-A1B3-F7022934DD1C}.Integration Tests|Any CPU.Build.0 = Release|Any CPU
		{78DC1103-E23B-423A-A1B3-F7022934DD1C}.Integration Tests|x86.ActiveCfg = Release|Any CPU
		{78DC1103-E23B-423A-A1B3-F7022934DD1C}.Integration Tests|x86.Build.0 = Release|Any CPU
		{78DC1103-E23B-423A-A1B3-F7022934DD1C}.Release|Any CPU.ActiveCfg = Release|Any CPU
		{78DC1103-E23B-423A-A1B3-F7022934DD1C}.Release|Any CPU.Build.0 = Release|Any CPU
		{78DC1103-E23B-423A-A1B3-F7022934DD1C}.Release|x86.ActiveCfg = Release|Any CPU
		{78DC1103-E23B-423A-A1B3-F7022934DD1C}.Release|x86.Build.0 = Release|Any CPU
		{2F461217-F714-4546-9302-D17C3F730DED}.Debug|Any CPU.ActiveCfg = Debug|Any CPU
		{2F461217-F714-4546-9302-D17C3F730DED}.Debug|Any CPU.Build.0 = Debug|Any CPU
		{2F461217-F714-4546-9302-D17C3F730DED}.Debug|x86.ActiveCfg = Debug|Any CPU
		{2F461217-F714-4546-9302-D17C3F730DED}.Debug|x86.Build.0 = Debug|Any CPU
		{2F461217-F714-4546-9302-D17C3F730DED}.Design|Any CPU.ActiveCfg = Debug|Any CPU
		{2F461217-F714-4546-9302-D17C3F730DED}.Design|Any CPU.Build.0 = Debug|Any CPU
		{2F461217-F714-4546-9302-D17C3F730DED}.Design|x86.ActiveCfg = Debug|Any CPU
		{2F461217-F714-4546-9302-D17C3F730DED}.Design|x86.Build.0 = Debug|Any CPU
		{2F461217-F714-4546-9302-D17C3F730DED}.Integration Tests|Any CPU.ActiveCfg = Release|Any CPU
		{2F461217-F714-4546-9302-D17C3F730DED}.Integration Tests|Any CPU.Build.0 = Release|Any CPU
		{2F461217-F714-4546-9302-D17C3F730DED}.Integration Tests|x86.ActiveCfg = Release|Any CPU
		{2F461217-F714-4546-9302-D17C3F730DED}.Integration Tests|x86.Build.0 = Release|Any CPU
		{2F461217-F714-4546-9302-D17C3F730DED}.Release|Any CPU.ActiveCfg = Release|Any CPU
		{2F461217-F714-4546-9302-D17C3F730DED}.Release|Any CPU.Build.0 = Release|Any CPU
		{2F461217-F714-4546-9302-D17C3F730DED}.Release|x86.ActiveCfg = Release|Any CPU
		{2F461217-F714-4546-9302-D17C3F730DED}.Release|x86.Build.0 = Release|Any CPU
		{905F4BF7-3D5D-4A15-850D-874C4056AA01}.Debug|Any CPU.ActiveCfg = Debug|Any CPU
		{905F4BF7-3D5D-4A15-850D-874C4056AA01}.Debug|Any CPU.Build.0 = Debug|Any CPU
		{905F4BF7-3D5D-4A15-850D-874C4056AA01}.Debug|x86.ActiveCfg = Debug|Any CPU
		{905F4BF7-3D5D-4A15-850D-874C4056AA01}.Debug|x86.Build.0 = Debug|Any CPU
		{905F4BF7-3D5D-4A15-850D-874C4056AA01}.Design|Any CPU.ActiveCfg = Debug|Any CPU
		{905F4BF7-3D5D-4A15-850D-874C4056AA01}.Design|Any CPU.Build.0 = Debug|Any CPU
		{905F4BF7-3D5D-4A15-850D-874C4056AA01}.Design|x86.ActiveCfg = Debug|Any CPU
		{905F4BF7-3D5D-4A15-850D-874C4056AA01}.Design|x86.Build.0 = Debug|Any CPU
		{905F4BF7-3D5D-4A15-850D-874C4056AA01}.Integration Tests|Any CPU.ActiveCfg = Release|Any CPU
		{905F4BF7-3D5D-4A15-850D-874C4056AA01}.Integration Tests|Any CPU.Build.0 = Release|Any CPU
		{905F4BF7-3D5D-4A15-850D-874C4056AA01}.Integration Tests|x86.ActiveCfg = Release|Any CPU
		{905F4BF7-3D5D-4A15-850D-874C4056AA01}.Integration Tests|x86.Build.0 = Release|Any CPU
		{905F4BF7-3D5D-4A15-850D-874C4056AA01}.Release|Any CPU.ActiveCfg = Release|Any CPU
		{905F4BF7-3D5D-4A15-850D-874C4056AA01}.Release|Any CPU.Build.0 = Release|Any CPU
		{905F4BF7-3D5D-4A15-850D-874C4056AA01}.Release|x86.ActiveCfg = Release|Any CPU
		{905F4BF7-3D5D-4A15-850D-874C4056AA01}.Release|x86.Build.0 = Release|Any CPU
		{6CEBF614-6907-4A74-8733-61AA4E4CC8D7}.Debug|Any CPU.ActiveCfg = Debug|Any CPU
		{6CEBF614-6907-4A74-8733-61AA4E4CC8D7}.Debug|Any CPU.Build.0 = Debug|Any CPU
		{6CEBF614-6907-4A74-8733-61AA4E4CC8D7}.Debug|x86.ActiveCfg = Debug|Any CPU
		{6CEBF614-6907-4A74-8733-61AA4E4CC8D7}.Debug|x86.Build.0 = Debug|Any CPU
		{6CEBF614-6907-4A74-8733-61AA4E4CC8D7}.Design|Any CPU.ActiveCfg = Debug|Any CPU
		{6CEBF614-6907-4A74-8733-61AA4E4CC8D7}.Design|Any CPU.Build.0 = Debug|Any CPU
		{6CEBF614-6907-4A74-8733-61AA4E4CC8D7}.Design|x86.ActiveCfg = Debug|Any CPU
		{6CEBF614-6907-4A74-8733-61AA4E4CC8D7}.Design|x86.Build.0 = Debug|Any CPU
		{6CEBF614-6907-4A74-8733-61AA4E4CC8D7}.Integration Tests|Any CPU.ActiveCfg = Release|Any CPU
		{6CEBF614-6907-4A74-8733-61AA4E4CC8D7}.Integration Tests|Any CPU.Build.0 = Release|Any CPU
		{6CEBF614-6907-4A74-8733-61AA4E4CC8D7}.Integration Tests|x86.ActiveCfg = Release|Any CPU
		{6CEBF614-6907-4A74-8733-61AA4E4CC8D7}.Integration Tests|x86.Build.0 = Release|Any CPU
		{6CEBF614-6907-4A74-8733-61AA4E4CC8D7}.Release|Any CPU.ActiveCfg = Release|Any CPU
		{6CEBF614-6907-4A74-8733-61AA4E4CC8D7}.Release|Any CPU.Build.0 = Release|Any CPU
		{6CEBF614-6907-4A74-8733-61AA4E4CC8D7}.Release|x86.ActiveCfg = Release|Any CPU
		{6CEBF614-6907-4A74-8733-61AA4E4CC8D7}.Release|x86.Build.0 = Release|Any CPU
		{0167A6E9-B1C4-493F-80BB-40747EDB1FFD}.Debug|Any CPU.ActiveCfg = Debug|Any CPU
		{0167A6E9-B1C4-493F-80BB-40747EDB1FFD}.Debug|Any CPU.Build.0 = Debug|Any CPU
		{0167A6E9-B1C4-493F-80BB-40747EDB1FFD}.Debug|x86.ActiveCfg = Debug|Any CPU
		{0167A6E9-B1C4-493F-80BB-40747EDB1FFD}.Debug|x86.Build.0 = Debug|Any CPU
		{0167A6E9-B1C4-493F-80BB-40747EDB1FFD}.Design|Any CPU.ActiveCfg = Debug|Any CPU
		{0167A6E9-B1C4-493F-80BB-40747EDB1FFD}.Design|Any CPU.Build.0 = Debug|Any CPU
		{0167A6E9-B1C4-493F-80BB-40747EDB1FFD}.Design|x86.ActiveCfg = Debug|Any CPU
		{0167A6E9-B1C4-493F-80BB-40747EDB1FFD}.Design|x86.Build.0 = Debug|Any CPU
		{0167A6E9-B1C4-493F-80BB-40747EDB1FFD}.Integration Tests|Any CPU.ActiveCfg = Release|Any CPU
		{0167A6E9-B1C4-493F-80BB-40747EDB1FFD}.Integration Tests|Any CPU.Build.0 = Release|Any CPU
		{0167A6E9-B1C4-493F-80BB-40747EDB1FFD}.Integration Tests|x86.ActiveCfg = Release|Any CPU
		{0167A6E9-B1C4-493F-80BB-40747EDB1FFD}.Integration Tests|x86.Build.0 = Release|Any CPU
		{0167A6E9-B1C4-493F-80BB-40747EDB1FFD}.Release|Any CPU.ActiveCfg = Release|Any CPU
		{0167A6E9-B1C4-493F-80BB-40747EDB1FFD}.Release|Any CPU.Build.0 = Release|Any CPU
		{0167A6E9-B1C4-493F-80BB-40747EDB1FFD}.Release|x86.ActiveCfg = Release|Any CPU
		{0167A6E9-B1C4-493F-80BB-40747EDB1FFD}.Release|x86.Build.0 = Release|Any CPU
		{13CCC157-451B-4249-BD65-A4DB04A5C143}.Debug|Any CPU.ActiveCfg = Debug|Any CPU
		{13CCC157-451B-4249-BD65-A4DB04A5C143}.Debug|Any CPU.Build.0 = Debug|Any CPU
		{13CCC157-451B-4249-BD65-A4DB04A5C143}.Debug|x86.ActiveCfg = Debug|Any CPU
		{13CCC157-451B-4249-BD65-A4DB04A5C143}.Design|Any CPU.ActiveCfg = Debug|Any CPU
		{13CCC157-451B-4249-BD65-A4DB04A5C143}.Design|x86.ActiveCfg = Debug|Any CPU
		{13CCC157-451B-4249-BD65-A4DB04A5C143}.Integration Tests|Any CPU.ActiveCfg = Release|Any CPU
		{13CCC157-451B-4249-BD65-A4DB04A5C143}.Integration Tests|Any CPU.Build.0 = Release|Any CPU
		{13CCC157-451B-4249-BD65-A4DB04A5C143}.Integration Tests|x86.ActiveCfg = Release|Any CPU
		{13CCC157-451B-4249-BD65-A4DB04A5C143}.Integration Tests|x86.Build.0 = Release|Any CPU
		{13CCC157-451B-4249-BD65-A4DB04A5C143}.Release|Any CPU.ActiveCfg = Release|Any CPU
		{13CCC157-451B-4249-BD65-A4DB04A5C143}.Release|Any CPU.Build.0 = Release|Any CPU
		{13CCC157-451B-4249-BD65-A4DB04A5C143}.Release|x86.ActiveCfg = Release|Any CPU
		{7327244D-E163-4C35-9C1A-8DBDF06B9408}.Debug|Any CPU.ActiveCfg = Debug|Any CPU
		{7327244D-E163-4C35-9C1A-8DBDF06B9408}.Debug|Any CPU.Build.0 = Debug|Any CPU
		{7327244D-E163-4C35-9C1A-8DBDF06B9408}.Debug|x86.ActiveCfg = Debug|Any CPU
		{7327244D-E163-4C35-9C1A-8DBDF06B9408}.Debug|x86.Build.0 = Debug|Any CPU
		{7327244D-E163-4C35-9C1A-8DBDF06B9408}.Design|Any CPU.ActiveCfg = Debug|Any CPU
		{7327244D-E163-4C35-9C1A-8DBDF06B9408}.Design|Any CPU.Build.0 = Debug|Any CPU
		{7327244D-E163-4C35-9C1A-8DBDF06B9408}.Design|x86.ActiveCfg = Debug|Any CPU
		{7327244D-E163-4C35-9C1A-8DBDF06B9408}.Design|x86.Build.0 = Debug|Any CPU
		{7327244D-E163-4C35-9C1A-8DBDF06B9408}.Integration Tests|Any CPU.ActiveCfg = Integration Tests|Any CPU
		{7327244D-E163-4C35-9C1A-8DBDF06B9408}.Integration Tests|Any CPU.Build.0 = Integration Tests|Any CPU
		{7327244D-E163-4C35-9C1A-8DBDF06B9408}.Integration Tests|x86.ActiveCfg = Integration Tests|Any CPU
		{7327244D-E163-4C35-9C1A-8DBDF06B9408}.Integration Tests|x86.Build.0 = Integration Tests|Any CPU
		{7327244D-E163-4C35-9C1A-8DBDF06B9408}.Release|Any CPU.ActiveCfg = Release|Any CPU
		{7327244D-E163-4C35-9C1A-8DBDF06B9408}.Release|Any CPU.Build.0 = Release|Any CPU
		{7327244D-E163-4C35-9C1A-8DBDF06B9408}.Release|x86.ActiveCfg = Release|Any CPU
		{7327244D-E163-4C35-9C1A-8DBDF06B9408}.Release|x86.Build.0 = Release|Any CPU
		{72E591D6-8F83-4D8C-8F67-9C325E623234}.Debug|Any CPU.ActiveCfg = Debug|Any CPU
		{72E591D6-8F83-4D8C-8F67-9C325E623234}.Debug|Any CPU.Build.0 = Debug|Any CPU
		{72E591D6-8F83-4D8C-8F67-9C325E623234}.Debug|x86.ActiveCfg = Debug|Any CPU
		{72E591D6-8F83-4D8C-8F67-9C325E623234}.Debug|x86.Build.0 = Debug|Any CPU
		{72E591D6-8F83-4D8C-8F67-9C325E623234}.Design|Any CPU.ActiveCfg = Debug|Any CPU
		{72E591D6-8F83-4D8C-8F67-9C325E623234}.Design|Any CPU.Build.0 = Debug|Any CPU
		{72E591D6-8F83-4D8C-8F67-9C325E623234}.Design|x86.ActiveCfg = Debug|Any CPU
		{72E591D6-8F83-4D8C-8F67-9C325E623234}.Design|x86.Build.0 = Debug|Any CPU
		{72E591D6-8F83-4D8C-8F67-9C325E623234}.Integration Tests|Any CPU.ActiveCfg = Release|Any CPU
		{72E591D6-8F83-4D8C-8F67-9C325E623234}.Integration Tests|Any CPU.Build.0 = Release|Any CPU
		{72E591D6-8F83-4D8C-8F67-9C325E623234}.Integration Tests|x86.ActiveCfg = Release|Any CPU
		{72E591D6-8F83-4D8C-8F67-9C325E623234}.Integration Tests|x86.Build.0 = Release|Any CPU
		{72E591D6-8F83-4D8C-8F67-9C325E623234}.Release|Any CPU.ActiveCfg = Release|Any CPU
		{72E591D6-8F83-4D8C-8F67-9C325E623234}.Release|Any CPU.Build.0 = Release|Any CPU
		{72E591D6-8F83-4D8C-8F67-9C325E623234}.Release|x86.ActiveCfg = Release|Any CPU
		{72E591D6-8F83-4D8C-8F67-9C325E623234}.Release|x86.Build.0 = Release|Any CPU
		{0629D8F9-CF59-4576-8D31-47D87DB57C17}.Debug|Any CPU.ActiveCfg = Debug|Any CPU
		{0629D8F9-CF59-4576-8D31-47D87DB57C17}.Debug|Any CPU.Build.0 = Debug|Any CPU
		{0629D8F9-CF59-4576-8D31-47D87DB57C17}.Debug|x86.ActiveCfg = Debug|Any CPU
		{0629D8F9-CF59-4576-8D31-47D87DB57C17}.Debug|x86.Build.0 = Debug|Any CPU
		{0629D8F9-CF59-4576-8D31-47D87DB57C17}.Design|Any CPU.ActiveCfg = Debug|Any CPU
		{0629D8F9-CF59-4576-8D31-47D87DB57C17}.Design|Any CPU.Build.0 = Debug|Any CPU
		{0629D8F9-CF59-4576-8D31-47D87DB57C17}.Design|x86.ActiveCfg = Debug|Any CPU
		{0629D8F9-CF59-4576-8D31-47D87DB57C17}.Design|x86.Build.0 = Debug|Any CPU
		{0629D8F9-CF59-4576-8D31-47D87DB57C17}.Integration Tests|Any CPU.ActiveCfg = Release|Any CPU
		{0629D8F9-CF59-4576-8D31-47D87DB57C17}.Integration Tests|Any CPU.Build.0 = Release|Any CPU
		{0629D8F9-CF59-4576-8D31-47D87DB57C17}.Integration Tests|x86.ActiveCfg = Release|Any CPU
		{0629D8F9-CF59-4576-8D31-47D87DB57C17}.Integration Tests|x86.Build.0 = Release|Any CPU
		{0629D8F9-CF59-4576-8D31-47D87DB57C17}.Release|Any CPU.ActiveCfg = Release|Any CPU
		{0629D8F9-CF59-4576-8D31-47D87DB57C17}.Release|Any CPU.Build.0 = Release|Any CPU
		{0629D8F9-CF59-4576-8D31-47D87DB57C17}.Release|x86.ActiveCfg = Release|Any CPU
		{0629D8F9-CF59-4576-8D31-47D87DB57C17}.Release|x86.Build.0 = Release|Any CPU
		{1D07F8B3-0C29-4257-B632-88E2BA92A265}.Debug|Any CPU.ActiveCfg = Debug|Any CPU
		{1D07F8B3-0C29-4257-B632-88E2BA92A265}.Debug|Any CPU.Build.0 = Debug|Any CPU
		{1D07F8B3-0C29-4257-B632-88E2BA92A265}.Debug|x86.ActiveCfg = Debug|Any CPU
		{1D07F8B3-0C29-4257-B632-88E2BA92A265}.Debug|x86.Build.0 = Debug|Any CPU
		{1D07F8B3-0C29-4257-B632-88E2BA92A265}.Design|Any CPU.ActiveCfg = Debug|Any CPU
		{1D07F8B3-0C29-4257-B632-88E2BA92A265}.Design|Any CPU.Build.0 = Debug|Any CPU
		{1D07F8B3-0C29-4257-B632-88E2BA92A265}.Design|x86.ActiveCfg = Debug|Any CPU
		{1D07F8B3-0C29-4257-B632-88E2BA92A265}.Design|x86.Build.0 = Debug|Any CPU
		{1D07F8B3-0C29-4257-B632-88E2BA92A265}.Integration Tests|Any CPU.ActiveCfg = Release|Any CPU
		{1D07F8B3-0C29-4257-B632-88E2BA92A265}.Integration Tests|Any CPU.Build.0 = Release|Any CPU
		{1D07F8B3-0C29-4257-B632-88E2BA92A265}.Integration Tests|x86.ActiveCfg = Release|Any CPU
		{1D07F8B3-0C29-4257-B632-88E2BA92A265}.Integration Tests|x86.Build.0 = Release|Any CPU
		{1D07F8B3-0C29-4257-B632-88E2BA92A265}.Release|Any CPU.ActiveCfg = Release|Any CPU
		{1D07F8B3-0C29-4257-B632-88E2BA92A265}.Release|Any CPU.Build.0 = Release|Any CPU
		{1D07F8B3-0C29-4257-B632-88E2BA92A265}.Release|x86.ActiveCfg = Release|Any CPU
		{1D07F8B3-0C29-4257-B632-88E2BA92A265}.Release|x86.Build.0 = Release|Any CPU
		{A88D0971-0C84-442A-A8AB-9D41594C81BE}.Debug|Any CPU.ActiveCfg = Debug|Any CPU
		{A88D0971-0C84-442A-A8AB-9D41594C81BE}.Debug|Any CPU.Build.0 = Debug|Any CPU
		{A88D0971-0C84-442A-A8AB-9D41594C81BE}.Debug|x86.ActiveCfg = Debug|Any CPU
		{A88D0971-0C84-442A-A8AB-9D41594C81BE}.Debug|x86.Build.0 = Debug|Any CPU
		{A88D0971-0C84-442A-A8AB-9D41594C81BE}.Design|Any CPU.ActiveCfg = Debug|Any CPU
		{A88D0971-0C84-442A-A8AB-9D41594C81BE}.Design|Any CPU.Build.0 = Debug|Any CPU
		{A88D0971-0C84-442A-A8AB-9D41594C81BE}.Design|x86.ActiveCfg = Debug|Any CPU
		{A88D0971-0C84-442A-A8AB-9D41594C81BE}.Design|x86.Build.0 = Debug|Any CPU
		{A88D0971-0C84-442A-A8AB-9D41594C81BE}.Integration Tests|Any CPU.ActiveCfg = Release|Any CPU
		{A88D0971-0C84-442A-A8AB-9D41594C81BE}.Integration Tests|Any CPU.Build.0 = Release|Any CPU
		{A88D0971-0C84-442A-A8AB-9D41594C81BE}.Integration Tests|x86.ActiveCfg = Release|Any CPU
		{A88D0971-0C84-442A-A8AB-9D41594C81BE}.Integration Tests|x86.Build.0 = Release|Any CPU
		{A88D0971-0C84-442A-A8AB-9D41594C81BE}.Release|Any CPU.ActiveCfg = Release|Any CPU
		{A88D0971-0C84-442A-A8AB-9D41594C81BE}.Release|Any CPU.Build.0 = Release|Any CPU
		{A88D0971-0C84-442A-A8AB-9D41594C81BE}.Release|x86.ActiveCfg = Release|Any CPU
		{A88D0971-0C84-442A-A8AB-9D41594C81BE}.Release|x86.Build.0 = Release|Any CPU
		{EBABE58A-742B-47A8-8545-C51F4535A90E}.Debug|Any CPU.ActiveCfg = Debug|Any CPU
		{EBABE58A-742B-47A8-8545-C51F4535A90E}.Debug|Any CPU.Build.0 = Debug|Any CPU
		{EBABE58A-742B-47A8-8545-C51F4535A90E}.Debug|x86.ActiveCfg = Debug|Any CPU
		{EBABE58A-742B-47A8-8545-C51F4535A90E}.Debug|x86.Build.0 = Debug|Any CPU
		{EBABE58A-742B-47A8-8545-C51F4535A90E}.Design|Any CPU.ActiveCfg = Debug|Any CPU
		{EBABE58A-742B-47A8-8545-C51F4535A90E}.Design|Any CPU.Build.0 = Debug|Any CPU
		{EBABE58A-742B-47A8-8545-C51F4535A90E}.Design|x86.ActiveCfg = Debug|Any CPU
		{EBABE58A-742B-47A8-8545-C51F4535A90E}.Design|x86.Build.0 = Debug|Any CPU
		{EBABE58A-742B-47A8-8545-C51F4535A90E}.Integration Tests|Any CPU.ActiveCfg = Release|Any CPU
		{EBABE58A-742B-47A8-8545-C51F4535A90E}.Integration Tests|Any CPU.Build.0 = Release|Any CPU
		{EBABE58A-742B-47A8-8545-C51F4535A90E}.Integration Tests|x86.ActiveCfg = Release|Any CPU
		{EBABE58A-742B-47A8-8545-C51F4535A90E}.Integration Tests|x86.Build.0 = Release|Any CPU
		{EBABE58A-742B-47A8-8545-C51F4535A90E}.Release|Any CPU.ActiveCfg = Release|Any CPU
		{EBABE58A-742B-47A8-8545-C51F4535A90E}.Release|Any CPU.Build.0 = Release|Any CPU
		{EBABE58A-742B-47A8-8545-C51F4535A90E}.Release|x86.ActiveCfg = Release|Any CPU
		{EBABE58A-742B-47A8-8545-C51F4535A90E}.Release|x86.Build.0 = Release|Any CPU
		{51753246-D893-453C-AE47-30853665D3DF}.Debug|Any CPU.ActiveCfg = Debug|Any CPU
		{51753246-D893-453C-AE47-30853665D3DF}.Debug|Any CPU.Build.0 = Debug|Any CPU
		{51753246-D893-453C-AE47-30853665D3DF}.Debug|x86.ActiveCfg = Debug|Any CPU
		{51753246-D893-453C-AE47-30853665D3DF}.Debug|x86.Build.0 = Debug|Any CPU
		{51753246-D893-453C-AE47-30853665D3DF}.Design|Any CPU.ActiveCfg = Debug|Any CPU
		{51753246-D893-453C-AE47-30853665D3DF}.Design|Any CPU.Build.0 = Debug|Any CPU
		{51753246-D893-453C-AE47-30853665D3DF}.Design|x86.ActiveCfg = Debug|Any CPU
		{51753246-D893-453C-AE47-30853665D3DF}.Design|x86.Build.0 = Debug|Any CPU
		{51753246-D893-453C-AE47-30853665D3DF}.Integration Tests|Any CPU.ActiveCfg = Release|Any CPU
		{51753246-D893-453C-AE47-30853665D3DF}.Integration Tests|Any CPU.Build.0 = Release|Any CPU
		{51753246-D893-453C-AE47-30853665D3DF}.Integration Tests|x86.ActiveCfg = Release|Any CPU
		{51753246-D893-453C-AE47-30853665D3DF}.Integration Tests|x86.Build.0 = Release|Any CPU
		{51753246-D893-453C-AE47-30853665D3DF}.Release|Any CPU.ActiveCfg = Release|Any CPU
		{51753246-D893-453C-AE47-30853665D3DF}.Release|Any CPU.Build.0 = Release|Any CPU
		{51753246-D893-453C-AE47-30853665D3DF}.Release|x86.ActiveCfg = Release|Any CPU
		{51753246-D893-453C-AE47-30853665D3DF}.Release|x86.Build.0 = Release|Any CPU
		{BBA7B7F9-4B0B-4468-A0F4-C46E5AD1158E}.Debug|Any CPU.ActiveCfg = Debug|Any CPU
		{BBA7B7F9-4B0B-4468-A0F4-C46E5AD1158E}.Debug|Any CPU.Build.0 = Debug|Any CPU
		{BBA7B7F9-4B0B-4468-A0F4-C46E5AD1158E}.Debug|x86.ActiveCfg = Debug|Any CPU
		{BBA7B7F9-4B0B-4468-A0F4-C46E5AD1158E}.Debug|x86.Build.0 = Debug|Any CPU
		{BBA7B7F9-4B0B-4468-A0F4-C46E5AD1158E}.Design|Any CPU.ActiveCfg = Debug|Any CPU
		{BBA7B7F9-4B0B-4468-A0F4-C46E5AD1158E}.Design|Any CPU.Build.0 = Debug|Any CPU
		{BBA7B7F9-4B0B-4468-A0F4-C46E5AD1158E}.Design|x86.ActiveCfg = Debug|Any CPU
		{BBA7B7F9-4B0B-4468-A0F4-C46E5AD1158E}.Design|x86.Build.0 = Debug|Any CPU
		{BBA7B7F9-4B0B-4468-A0F4-C46E5AD1158E}.Integration Tests|Any CPU.ActiveCfg = Release|Any CPU
		{BBA7B7F9-4B0B-4468-A0F4-C46E5AD1158E}.Integration Tests|Any CPU.Build.0 = Release|Any CPU
		{BBA7B7F9-4B0B-4468-A0F4-C46E5AD1158E}.Integration Tests|x86.ActiveCfg = Release|Any CPU
		{BBA7B7F9-4B0B-4468-A0F4-C46E5AD1158E}.Integration Tests|x86.Build.0 = Release|Any CPU
		{BBA7B7F9-4B0B-4468-A0F4-C46E5AD1158E}.Release|Any CPU.ActiveCfg = Release|Any CPU
		{BBA7B7F9-4B0B-4468-A0F4-C46E5AD1158E}.Release|Any CPU.Build.0 = Release|Any CPU
		{BBA7B7F9-4B0B-4468-A0F4-C46E5AD1158E}.Release|x86.ActiveCfg = Release|Any CPU
		{BBA7B7F9-4B0B-4468-A0F4-C46E5AD1158E}.Release|x86.Build.0 = Release|Any CPU
		{1A45EE0A-4247-4918-8DDF-2848FA5049CB}.Debug|Any CPU.ActiveCfg = Debug|Any CPU
		{1A45EE0A-4247-4918-8DDF-2848FA5049CB}.Debug|Any CPU.Build.0 = Debug|Any CPU
		{1A45EE0A-4247-4918-8DDF-2848FA5049CB}.Debug|x86.ActiveCfg = Debug|Any CPU
		{1A45EE0A-4247-4918-8DDF-2848FA5049CB}.Debug|x86.Build.0 = Debug|Any CPU
		{1A45EE0A-4247-4918-8DDF-2848FA5049CB}.Design|Any CPU.ActiveCfg = Debug|Any CPU
		{1A45EE0A-4247-4918-8DDF-2848FA5049CB}.Design|Any CPU.Build.0 = Debug|Any CPU
		{1A45EE0A-4247-4918-8DDF-2848FA5049CB}.Design|x86.ActiveCfg = Debug|Any CPU
		{1A45EE0A-4247-4918-8DDF-2848FA5049CB}.Design|x86.Build.0 = Debug|Any CPU
		{1A45EE0A-4247-4918-8DDF-2848FA5049CB}.Integration Tests|Any CPU.ActiveCfg = Release|Any CPU
		{1A45EE0A-4247-4918-8DDF-2848FA5049CB}.Integration Tests|Any CPU.Build.0 = Release|Any CPU
		{1A45EE0A-4247-4918-8DDF-2848FA5049CB}.Integration Tests|x86.ActiveCfg = Release|Any CPU
		{1A45EE0A-4247-4918-8DDF-2848FA5049CB}.Integration Tests|x86.Build.0 = Release|Any CPU
		{1A45EE0A-4247-4918-8DDF-2848FA5049CB}.Release|Any CPU.ActiveCfg = Release|Any CPU
		{1A45EE0A-4247-4918-8DDF-2848FA5049CB}.Release|Any CPU.Build.0 = Release|Any CPU
		{1A45EE0A-4247-4918-8DDF-2848FA5049CB}.Release|x86.ActiveCfg = Release|Any CPU
		{1A45EE0A-4247-4918-8DDF-2848FA5049CB}.Release|x86.Build.0 = Release|Any CPU
		{611C87DF-6410-4B4A-A605-85C7DC099AA8}.Debug|Any CPU.ActiveCfg = Debug|Any CPU
		{611C87DF-6410-4B4A-A605-85C7DC099AA8}.Debug|Any CPU.Build.0 = Debug|Any CPU
		{611C87DF-6410-4B4A-A605-85C7DC099AA8}.Debug|x86.ActiveCfg = Debug|Any CPU
		{611C87DF-6410-4B4A-A605-85C7DC099AA8}.Debug|x86.Build.0 = Debug|Any CPU
		{611C87DF-6410-4B4A-A605-85C7DC099AA8}.Design|Any CPU.ActiveCfg = Debug|Any CPU
		{611C87DF-6410-4B4A-A605-85C7DC099AA8}.Design|Any CPU.Build.0 = Debug|Any CPU
		{611C87DF-6410-4B4A-A605-85C7DC099AA8}.Design|x86.ActiveCfg = Debug|Any CPU
		{611C87DF-6410-4B4A-A605-85C7DC099AA8}.Design|x86.Build.0 = Debug|Any CPU
		{611C87DF-6410-4B4A-A605-85C7DC099AA8}.Integration Tests|Any CPU.ActiveCfg = Release|Any CPU
		{611C87DF-6410-4B4A-A605-85C7DC099AA8}.Integration Tests|Any CPU.Build.0 = Release|Any CPU
		{611C87DF-6410-4B4A-A605-85C7DC099AA8}.Integration Tests|x86.ActiveCfg = Release|Any CPU
		{611C87DF-6410-4B4A-A605-85C7DC099AA8}.Integration Tests|x86.Build.0 = Release|Any CPU
		{611C87DF-6410-4B4A-A605-85C7DC099AA8}.Release|Any CPU.ActiveCfg = Release|Any CPU
		{611C87DF-6410-4B4A-A605-85C7DC099AA8}.Release|Any CPU.Build.0 = Release|Any CPU
		{611C87DF-6410-4B4A-A605-85C7DC099AA8}.Release|x86.ActiveCfg = Release|Any CPU
		{611C87DF-6410-4B4A-A605-85C7DC099AA8}.Release|x86.Build.0 = Release|Any CPU
	EndGlobalSection
	GlobalSection(SolutionProperties) = preSolution
		HideSolutionNode = FALSE
	EndGlobalSection
	GlobalSection(ExtensibilityGlobals) = postSolution
		SolutionGuid = {4D69F687-53D2-4BB4-ABA4-9FB4CA1897EE}
	EndGlobalSection
EndGlobal
