
Microsoft Visual Studio Solution File, Format Version 12.00
# Visual Studio 14
VisualStudioVersion = 14.0.25420.1
MinimumVisualStudioVersion = 10.0.40219.1
Project("{FAE04EC0-301F-11D3-BF4B-00C04F79EFBC}") = "Location.WebSite", "Server\WebSite\LocationWeb\Location.WebSite.csproj", "{82CA49B0-D760-44BD-9B99-3F5F460CF688}"
	ProjectSection(ProjectDependencies) = postProject
		{6D2404C0-7F69-4A66-8326-253AED706620} = {6D2404C0-7F69-4A66-8326-253AED706620}
		{0167A6E9-B1C4-493F-80BB-40747EDB1FFD} = {0167A6E9-B1C4-493F-80BB-40747EDB1FFD}
	EndProjectSection
EndProject
Project("{2150E333-8FDC-42A3-9474-1A3956D46DE8}") = "Dll", "Dll", "{CB5F6323-3C88-466C-BB02-A85412BC59B0}"
EndProject
Project("{FAE04EC0-301F-11D3-BF4B-00C04F79EFBC}") = "ExcelLib", "Third\Projects\ExcelLib\ExcelLib.csproj", "{A1B87D98-60DF-4F13-976C-B776F6415626}"
EndProject
Project("{FAE04EC0-301F-11D3-BF4B-00C04F79EFBC}") = "DbModel", "Model\DbModel\DbModel.csproj", "{A72A90C4-C195-49EC-850E-EE6205680256}"
	ProjectSection(ProjectDependencies) = postProject
		{89C37F37-52F9-42FA-8A8E-C145CD6ABB64} = {89C37F37-52F9-42FA-8A8E-C145CD6ABB64}
	EndProjectSection
EndProject
Project("{FAE04EC0-301F-11D3-BF4B-00C04F79EFBC}") = "DAL", "DAL\DAL\DAL.csproj", "{3D7F7707-A518-4FC2-ABDC-CAD0A1712680}"
	ProjectSection(ProjectDependencies) = postProject
		{89C37F37-52F9-42FA-8A8E-C145CD6ABB64} = {89C37F37-52F9-42FA-8A8E-C145CD6ABB64}
	EndProjectSection
EndProject
Project("{FAE04EC0-301F-11D3-BF4B-00C04F79EFBC}") = "BLL", "BLL\BLL\BLL.csproj", "{C3D77C78-C78F-4E18-8AE1-BB29D3E30A9B}"
EndProject
Project("{FAE04EC0-301F-11D3-BF4B-00C04F79EFBC}") = "TModel", "Model\TModel\TModel.csproj", "{89C37F37-52F9-42FA-8A8E-C145CD6ABB64}"
EndProject
Project("{FAE04EC0-301F-11D3-BF4B-00C04F79EFBC}") = "IModel", "Model\IModel\IModel.csproj", "{6D2404C0-7F69-4A66-8326-253AED706620}"
EndProject
Project("{2150E333-8FDC-42A3-9474-1A3956D46DE8}") = "Model", "Model", "{00AD5A5C-123D-4749-8835-ED7E93A8A0BB}"
EndProject
Project("{2150E333-8FDC-42A3-9474-1A3956D46DE8}") = "Service", "Service", "{4CD34E8C-6958-48B7-AD05-83F73508EC98}"
EndProject
Project("{FAE04EC0-301F-11D3-BF4B-00C04F79EFBC}") = "WebApiService", "Service\WebApiService\WebApiService.csproj", "{905F4BF7-3D5D-4A15-850D-874C4056AA01}"
EndProject
Project("{FAE04EC0-301F-11D3-BF4B-00C04F79EFBC}") = "Location.Service", "Service\LocationWCF\Location.Service.csproj", "{39D91B65-547F-401A-A2C7-9DF2EE514225}"
EndProject
Project("{FAE04EC0-301F-11D3-BF4B-00C04F79EFBC}") = "WebApiCommunication", "WebApi\WebApiComunication\WebApiCommunication.csproj", "{474692D2-FC7E-4835-87A0-089BC2F88AF0}"
EndProject
Project("{2150E333-8FDC-42A3-9474-1A3956D46DE8}") = "WebApiDll", "WebApiDll", "{8FC00A24-0A4E-4654-B2A1-5FCC76ED1067}"
EndProject
Project("{FAE04EC0-301F-11D3-BF4B-00C04F79EFBC}") = "SignalRService", "Service\SignalRService\SignalRService.csproj", "{0167A6E9-B1C4-493F-80BB-40747EDB1FFD}"
EndProject
Project("{FAE04EC0-301F-11D3-BF4B-00C04F79EFBC}") = "WebApiClients", "WebApi\WebApiLib\WebApiClients.csproj", "{78DC1103-E23B-423A-A1B3-F7022934DD1C}"
EndProject
Global
	GlobalSection(SolutionConfigurationPlatforms) = preSolution
		Debug|Any CPU = Debug|Any CPU
		Release|Any CPU = Release|Any CPU
	EndGlobalSection
	GlobalSection(ProjectConfigurationPlatforms) = postSolution
		{82CA49B0-D760-44BD-9B99-3F5F460CF688}.Debug|Any CPU.ActiveCfg = Debug|Any CPU
		{82CA49B0-D760-44BD-9B99-3F5F460CF688}.Debug|Any CPU.Build.0 = Debug|Any CPU
		{82CA49B0-D760-44BD-9B99-3F5F460CF688}.Release|Any CPU.ActiveCfg = Release|Any CPU
		{82CA49B0-D760-44BD-9B99-3F5F460CF688}.Release|Any CPU.Build.0 = Release|Any CPU
		{A1B87D98-60DF-4F13-976C-B776F6415626}.Debug|Any CPU.ActiveCfg = Debug|Any CPU
		{A1B87D98-60DF-4F13-976C-B776F6415626}.Debug|Any CPU.Build.0 = Debug|Any CPU
		{A1B87D98-60DF-4F13-976C-B776F6415626}.Release|Any CPU.ActiveCfg = Release|Any CPU
		{A1B87D98-60DF-4F13-976C-B776F6415626}.Release|Any CPU.Build.0 = Release|Any CPU
		{A72A90C4-C195-49EC-850E-EE6205680256}.Debug|Any CPU.ActiveCfg = Debug|Any CPU
		{A72A90C4-C195-49EC-850E-EE6205680256}.Debug|Any CPU.Build.0 = Debug|Any CPU
		{A72A90C4-C195-49EC-850E-EE6205680256}.Release|Any CPU.ActiveCfg = Release|Any CPU
		{A72A90C4-C195-49EC-850E-EE6205680256}.Release|Any CPU.Build.0 = Release|Any CPU
		{3D7F7707-A518-4FC2-ABDC-CAD0A1712680}.Debug|Any CPU.ActiveCfg = Debug|Any CPU
		{3D7F7707-A518-4FC2-ABDC-CAD0A1712680}.Debug|Any CPU.Build.0 = Debug|Any CPU
		{3D7F7707-A518-4FC2-ABDC-CAD0A1712680}.Release|Any CPU.ActiveCfg = Release|Any CPU
		{3D7F7707-A518-4FC2-ABDC-CAD0A1712680}.Release|Any CPU.Build.0 = Release|Any CPU
		{C3D77C78-C78F-4E18-8AE1-BB29D3E30A9B}.Debug|Any CPU.ActiveCfg = Debug|Any CPU
		{C3D77C78-C78F-4E18-8AE1-BB29D3E30A9B}.Debug|Any CPU.Build.0 = Debug|Any CPU
		{C3D77C78-C78F-4E18-8AE1-BB29D3E30A9B}.Release|Any CPU.ActiveCfg = Release|Any CPU
		{C3D77C78-C78F-4E18-8AE1-BB29D3E30A9B}.Release|Any CPU.Build.0 = Release|Any CPU
		{89C37F37-52F9-42FA-8A8E-C145CD6ABB64}.Debug|Any CPU.ActiveCfg = Debug|Any CPU
		{89C37F37-52F9-42FA-8A8E-C145CD6ABB64}.Debug|Any CPU.Build.0 = Debug|Any CPU
		{89C37F37-52F9-42FA-8A8E-C145CD6ABB64}.Release|Any CPU.ActiveCfg = Release|Any CPU
		{89C37F37-52F9-42FA-8A8E-C145CD6ABB64}.Release|Any CPU.Build.0 = Release|Any CPU
		{6D2404C0-7F69-4A66-8326-253AED706620}.Debug|Any CPU.ActiveCfg = Debug|Any CPU
		{6D2404C0-7F69-4A66-8326-253AED706620}.Debug|Any CPU.Build.0 = Debug|Any CPU
		{6D2404C0-7F69-4A66-8326-253AED706620}.Release|Any CPU.ActiveCfg = Release|Any CPU
		{6D2404C0-7F69-4A66-8326-253AED706620}.Release|Any CPU.Build.0 = Release|Any CPU
		{905F4BF7-3D5D-4A15-850D-874C4056AA01}.Debug|Any CPU.ActiveCfg = Debug|Any CPU
		{905F4BF7-3D5D-4A15-850D-874C4056AA01}.Debug|Any CPU.Build.0 = Debug|Any CPU
		{905F4BF7-3D5D-4A15-850D-874C4056AA01}.Release|Any CPU.ActiveCfg = Release|Any CPU
		{905F4BF7-3D5D-4A15-850D-874C4056AA01}.Release|Any CPU.Build.0 = Release|Any CPU
		{39D91B65-547F-401A-A2C7-9DF2EE514225}.Debug|Any CPU.ActiveCfg = Debug|Any CPU
		{39D91B65-547F-401A-A2C7-9DF2EE514225}.Debug|Any CPU.Build.0 = Debug|Any CPU
		{39D91B65-547F-401A-A2C7-9DF2EE514225}.Release|Any CPU.ActiveCfg = Release|Any CPU
		{39D91B65-547F-401A-A2C7-9DF2EE514225}.Release|Any CPU.Build.0 = Release|Any CPU
		{474692D2-FC7E-4835-87A0-089BC2F88AF0}.Debug|Any CPU.ActiveCfg = Debug|Any CPU
		{474692D2-FC7E-4835-87A0-089BC2F88AF0}.Debug|Any CPU.Build.0 = Debug|Any CPU
		{474692D2-FC7E-4835-87A0-089BC2F88AF0}.Release|Any CPU.ActiveCfg = Release|Any CPU
		{474692D2-FC7E-4835-87A0-089BC2F88AF0}.Release|Any CPU.Build.0 = Release|Any CPU
		{0167A6E9-B1C4-493F-80BB-40747EDB1FFD}.Debug|Any CPU.ActiveCfg = Debug|Any CPU
		{0167A6E9-B1C4-493F-80BB-40747EDB1FFD}.Debug|Any CPU.Build.0 = Debug|Any CPU
		{0167A6E9-B1C4-493F-80BB-40747EDB1FFD}.Release|Any CPU.ActiveCfg = Release|Any CPU
		{0167A6E9-B1C4-493F-80BB-40747EDB1FFD}.Release|Any CPU.Build.0 = Release|Any CPU
		{78DC1103-E23B-423A-A1B3-F7022934DD1C}.Debug|Any CPU.ActiveCfg = Debug|Any CPU
		{78DC1103-E23B-423A-A1B3-F7022934DD1C}.Debug|Any CPU.Build.0 = Debug|Any CPU
		{78DC1103-E23B-423A-A1B3-F7022934DD1C}.Release|Any CPU.ActiveCfg = Release|Any CPU
		{78DC1103-E23B-423A-A1B3-F7022934DD1C}.Release|Any CPU.Build.0 = Release|Any CPU
	EndGlobalSection
	GlobalSection(SolutionProperties) = preSolution
		HideSolutionNode = FALSE
	EndGlobalSection
	GlobalSection(NestedProjects) = preSolution
		{A1B87D98-60DF-4F13-976C-B776F6415626} = {CB5F6323-3C88-466C-BB02-A85412BC59B0}
		{A72A90C4-C195-49EC-850E-EE6205680256} = {00AD5A5C-123D-4749-8835-ED7E93A8A0BB}
		{3D7F7707-A518-4FC2-ABDC-CAD0A1712680} = {CB5F6323-3C88-466C-BB02-A85412BC59B0}
		{C3D77C78-C78F-4E18-8AE1-BB29D3E30A9B} = {CB5F6323-3C88-466C-BB02-A85412BC59B0}
		{89C37F37-52F9-42FA-8A8E-C145CD6ABB64} = {00AD5A5C-123D-4749-8835-ED7E93A8A0BB}
		{6D2404C0-7F69-4A66-8326-253AED706620} = {00AD5A5C-123D-4749-8835-ED7E93A8A0BB}
		{00AD5A5C-123D-4749-8835-ED7E93A8A0BB} = {CB5F6323-3C88-466C-BB02-A85412BC59B0}
		{905F4BF7-3D5D-4A15-850D-874C4056AA01} = {4CD34E8C-6958-48B7-AD05-83F73508EC98}
		{39D91B65-547F-401A-A2C7-9DF2EE514225} = {4CD34E8C-6958-48B7-AD05-83F73508EC98}
		{474692D2-FC7E-4835-87A0-089BC2F88AF0} = {8FC00A24-0A4E-4654-B2A1-5FCC76ED1067}
		{8FC00A24-0A4E-4654-B2A1-5FCC76ED1067} = {4CD34E8C-6958-48B7-AD05-83F73508EC98}
		{0167A6E9-B1C4-493F-80BB-40747EDB1FFD} = {4CD34E8C-6958-48B7-AD05-83F73508EC98}
		{78DC1103-E23B-423A-A1B3-F7022934DD1C} = {8FC00A24-0A4E-4654-B2A1-5FCC76ED1067}
	EndGlobalSection
EndGlobal
