
Microsoft Visual Studio Solution File, Format Version 12.00
# Visual Studio 14
VisualStudioVersion = 14.0.25420.1
MinimumVisualStudioVersion = 10.0.40219.1
Project("{FAE04EC0-301F-11D3-BF4B-00C04F79EFBC}") = "DbModel", "..\Model\DbModel\DbModel.csproj", "{A72A90C4-C195-49EC-850E-EE6205680256}"
EndProject
Project("{FAE04EC0-301F-11D3-BF4B-00C04F79EFBC}") = "DAL", "..\DAL\DAL\DAL.csproj", "{3D7F7707-A518-4FC2-ABDC-CAD0A1712680}"
EndProject
Project("{FAE04EC0-301F-11D3-BF4B-00C04F79EFBC}") = "BLL", "..\BLL\BLL\BLL.csproj", "{C3D77C78-C78F-4E18-8AE1-BB29D3E30A9B}"
EndProject
Project("{FAE04EC0-301F-11D3-BF4B-00C04F79EFBC}") = "IModel", "..\Model\IModel\IModel.csproj", "{6D2404C0-7F69-4A66-8326-253AED706620}"
EndProject
Project("{FAE04EC0-301F-11D3-BF4B-00C04F79EFBC}") = "TModel", "..\Model\TModel\TModel.csproj", "{89C37F37-52F9-42FA-8A8E-C145CD6ABB64}"
EndProject
Project("{FAE04EC0-301F-11D3-BF4B-00C04F79EFBC}") = "ExcelLib", "..\Third\Projects\ExcelLib\ExcelLib.csproj", "{A1B87D98-60DF-4F13-976C-B776F6415626}"
EndProject
Project("{FAE04EC0-301F-11D3-BF4B-00C04F79EFBC}") = "WebApiCommunication", "WebApiComunication\WebApiCommunication.csproj", "{474692D2-FC7E-4835-87A0-089BC2F88AF0}"
EndProject
Project("{FAE04EC0-301F-11D3-BF4B-00C04F79EFBC}") = "WebApiLib", "WebApiLib\WebApiLib.csproj", "{78DC1103-E23B-423A-A1B3-F7022934DD1C}"
EndProject
Project("{FAE04EC0-301F-11D3-BF4B-00C04F79EFBC}") = "DockingClientSite", "DockingClientSite\DockingClientSite.csproj", "{C477F817-C905-416D-9105-1C06432D0025}"
EndProject
Project("{FAE04EC0-301F-11D3-BF4B-00C04F79EFBC}") = "RestFulApiBrowser", "WeblApiBrowser\RestFulApiBrowser.csproj", "{B8AD3D7E-A90E-4733-990E-3D5FD5765186}"
EndProject
Project("{2150E333-8FDC-42A3-9474-1A3956D46DE8}") = "Base", "Base", "{06ECBE6F-A05D-4549-B80D-7D35380303F1}"
EndProject
Project("{FAE04EC0-301F-11D3-BF4B-00C04F79EFBC}") = "NsqSharp", "NsqSharp\NsqSharp.csproj", "{7327244D-E163-4C35-9C1A-8DBDF06B9408}"
EndProject
Project("{FAE04EC0-301F-11D3-BF4B-00C04F79EFBC}") = "WebNSQLib", "WebNSQLib\WebNSQLib.csproj", "{13CCC157-451B-4249-BD65-A4DB04A5C143}"
EndProject
Global
	GlobalSection(SolutionConfigurationPlatforms) = preSolution
		Debug|Any CPU = Debug|Any CPU
		Integration Tests|Any CPU = Integration Tests|Any CPU
		Release|Any CPU = Release|Any CPU
	EndGlobalSection
	GlobalSection(ProjectConfigurationPlatforms) = postSolution
		{A72A90C4-C195-49EC-850E-EE6205680256}.Debug|Any CPU.ActiveCfg = Debug|Any CPU
		{A72A90C4-C195-49EC-850E-EE6205680256}.Debug|Any CPU.Build.0 = Debug|Any CPU
		{A72A90C4-C195-49EC-850E-EE6205680256}.Integration Tests|Any CPU.ActiveCfg = Release|Any CPU
		{A72A90C4-C195-49EC-850E-EE6205680256}.Integration Tests|Any CPU.Build.0 = Release|Any CPU
		{A72A90C4-C195-49EC-850E-EE6205680256}.Release|Any CPU.ActiveCfg = Release|Any CPU
		{A72A90C4-C195-49EC-850E-EE6205680256}.Release|Any CPU.Build.0 = Release|Any CPU
		{3D7F7707-A518-4FC2-ABDC-CAD0A1712680}.Debug|Any CPU.ActiveCfg = Debug|Any CPU
		{3D7F7707-A518-4FC2-ABDC-CAD0A1712680}.Debug|Any CPU.Build.0 = Debug|Any CPU
		{3D7F7707-A518-4FC2-ABDC-CAD0A1712680}.Integration Tests|Any CPU.ActiveCfg = Release|Any CPU
		{3D7F7707-A518-4FC2-ABDC-CAD0A1712680}.Integration Tests|Any CPU.Build.0 = Release|Any CPU
		{3D7F7707-A518-4FC2-ABDC-CAD0A1712680}.Release|Any CPU.ActiveCfg = Release|Any CPU
		{3D7F7707-A518-4FC2-ABDC-CAD0A1712680}.Release|Any CPU.Build.0 = Release|Any CPU
		{C3D77C78-C78F-4E18-8AE1-BB29D3E30A9B}.Debug|Any CPU.ActiveCfg = Debug|Any CPU
		{C3D77C78-C78F-4E18-8AE1-BB29D3E30A9B}.Debug|Any CPU.Build.0 = Debug|Any CPU
		{C3D77C78-C78F-4E18-8AE1-BB29D3E30A9B}.Integration Tests|Any CPU.ActiveCfg = Release|Any CPU
		{C3D77C78-C78F-4E18-8AE1-BB29D3E30A9B}.Integration Tests|Any CPU.Build.0 = Release|Any CPU
		{C3D77C78-C78F-4E18-8AE1-BB29D3E30A9B}.Release|Any CPU.ActiveCfg = Release|Any CPU
		{C3D77C78-C78F-4E18-8AE1-BB29D3E30A9B}.Release|Any CPU.Build.0 = Release|Any CPU
		{6D2404C0-7F69-4A66-8326-253AED706620}.Debug|Any CPU.ActiveCfg = Debug|Any CPU
		{6D2404C0-7F69-4A66-8326-253AED706620}.Debug|Any CPU.Build.0 = Debug|Any CPU
		{6D2404C0-7F69-4A66-8326-253AED706620}.Integration Tests|Any CPU.ActiveCfg = Release|Any CPU
		{6D2404C0-7F69-4A66-8326-253AED706620}.Integration Tests|Any CPU.Build.0 = Release|Any CPU
		{6D2404C0-7F69-4A66-8326-253AED706620}.Release|Any CPU.ActiveCfg = Release|Any CPU
		{6D2404C0-7F69-4A66-8326-253AED706620}.Release|Any CPU.Build.0 = Release|Any CPU
		{89C37F37-52F9-42FA-8A8E-C145CD6ABB64}.Debug|Any CPU.ActiveCfg = Debug|Any CPU
		{89C37F37-52F9-42FA-8A8E-C145CD6ABB64}.Debug|Any CPU.Build.0 = Debug|Any CPU
		{89C37F37-52F9-42FA-8A8E-C145CD6ABB64}.Integration Tests|Any CPU.ActiveCfg = Release|Any CPU
		{89C37F37-52F9-42FA-8A8E-C145CD6ABB64}.Integration Tests|Any CPU.Build.0 = Release|Any CPU
		{89C37F37-52F9-42FA-8A8E-C145CD6ABB64}.Release|Any CPU.ActiveCfg = Release|Any CPU
		{89C37F37-52F9-42FA-8A8E-C145CD6ABB64}.Release|Any CPU.Build.0 = Release|Any CPU
		{A1B87D98-60DF-4F13-976C-B776F6415626}.Debug|Any CPU.ActiveCfg = Debug|Any CPU
		{A1B87D98-60DF-4F13-976C-B776F6415626}.Debug|Any CPU.Build.0 = Debug|Any CPU
		{A1B87D98-60DF-4F13-976C-B776F6415626}.Integration Tests|Any CPU.ActiveCfg = Release|Any CPU
		{A1B87D98-60DF-4F13-976C-B776F6415626}.Integration Tests|Any CPU.Build.0 = Release|Any CPU
		{A1B87D98-60DF-4F13-976C-B776F6415626}.Release|Any CPU.ActiveCfg = Release|Any CPU
		{A1B87D98-60DF-4F13-976C-B776F6415626}.Release|Any CPU.Build.0 = Release|Any CPU
		{474692D2-FC7E-4835-87A0-089BC2F88AF0}.Debug|Any CPU.ActiveCfg = Debug|Any CPU
		{474692D2-FC7E-4835-87A0-089BC2F88AF0}.Debug|Any CPU.Build.0 = Debug|Any CPU
		{474692D2-FC7E-4835-87A0-089BC2F88AF0}.Integration Tests|Any CPU.ActiveCfg = Release|Any CPU
		{474692D2-FC7E-4835-87A0-089BC2F88AF0}.Integration Tests|Any CPU.Build.0 = Release|Any CPU
		{474692D2-FC7E-4835-87A0-089BC2F88AF0}.Release|Any CPU.ActiveCfg = Release|Any CPU
		{474692D2-FC7E-4835-87A0-089BC2F88AF0}.Release|Any CPU.Build.0 = Release|Any CPU
		{78DC1103-E23B-423A-A1B3-F7022934DD1C}.Debug|Any CPU.ActiveCfg = Debug|Any CPU
		{78DC1103-E23B-423A-A1B3-F7022934DD1C}.Debug|Any CPU.Build.0 = Debug|Any CPU
		{78DC1103-E23B-423A-A1B3-F7022934DD1C}.Integration Tests|Any CPU.ActiveCfg = Release|Any CPU
		{78DC1103-E23B-423A-A1B3-F7022934DD1C}.Integration Tests|Any CPU.Build.0 = Release|Any CPU
		{78DC1103-E23B-423A-A1B3-F7022934DD1C}.Release|Any CPU.ActiveCfg = Release|Any CPU
		{78DC1103-E23B-423A-A1B3-F7022934DD1C}.Release|Any CPU.Build.0 = Release|Any CPU
		{C477F817-C905-416D-9105-1C06432D0025}.Debug|Any CPU.ActiveCfg = Debug|Any CPU
		{C477F817-C905-416D-9105-1C06432D0025}.Debug|Any CPU.Build.0 = Debug|Any CPU
		{C477F817-C905-416D-9105-1C06432D0025}.Integration Tests|Any CPU.ActiveCfg = Release|Any CPU
		{C477F817-C905-416D-9105-1C06432D0025}.Integration Tests|Any CPU.Build.0 = Release|Any CPU
		{C477F817-C905-416D-9105-1C06432D0025}.Release|Any CPU.ActiveCfg = Release|Any CPU
		{C477F817-C905-416D-9105-1C06432D0025}.Release|Any CPU.Build.0 = Release|Any CPU
		{B8AD3D7E-A90E-4733-990E-3D5FD5765186}.Debug|Any CPU.ActiveCfg = Debug|Any CPU
		{B8AD3D7E-A90E-4733-990E-3D5FD5765186}.Debug|Any CPU.Build.0 = Debug|Any CPU
		{B8AD3D7E-A90E-4733-990E-3D5FD5765186}.Integration Tests|Any CPU.ActiveCfg = Release|Any CPU
		{B8AD3D7E-A90E-4733-990E-3D5FD5765186}.Integration Tests|Any CPU.Build.0 = Release|Any CPU
		{B8AD3D7E-A90E-4733-990E-3D5FD5765186}.Release|Any CPU.ActiveCfg = Release|Any CPU
		{B8AD3D7E-A90E-4733-990E-3D5FD5765186}.Release|Any CPU.Build.0 = Release|Any CPU
		{7327244D-E163-4C35-9C1A-8DBDF06B9408}.Debug|Any CPU.ActiveCfg = Debug|Any CPU
		{7327244D-E163-4C35-9C1A-8DBDF06B9408}.Debug|Any CPU.Build.0 = Debug|Any CPU
		{7327244D-E163-4C35-9C1A-8DBDF06B9408}.Integration Tests|Any CPU.ActiveCfg = Integration Tests|Any CPU
		{7327244D-E163-4C35-9C1A-8DBDF06B9408}.Integration Tests|Any CPU.Build.0 = Integration Tests|Any CPU
		{7327244D-E163-4C35-9C1A-8DBDF06B9408}.Release|Any CPU.ActiveCfg = Release|Any CPU
		{7327244D-E163-4C35-9C1A-8DBDF06B9408}.Release|Any CPU.Build.0 = Release|Any CPU
		{13CCC157-451B-4249-BD65-A4DB04A5C143}.Debug|Any CPU.ActiveCfg = Debug|Any CPU
		{13CCC157-451B-4249-BD65-A4DB04A5C143}.Debug|Any CPU.Build.0 = Debug|Any CPU
		{13CCC157-451B-4249-BD65-A4DB04A5C143}.Integration Tests|Any CPU.ActiveCfg = Release|Any CPU
		{13CCC157-451B-4249-BD65-A4DB04A5C143}.Integration Tests|Any CPU.Build.0 = Release|Any CPU
		{13CCC157-451B-4249-BD65-A4DB04A5C143}.Release|Any CPU.ActiveCfg = Release|Any CPU
		{13CCC157-451B-4249-BD65-A4DB04A5C143}.Release|Any CPU.Build.0 = Release|Any CPU
	EndGlobalSection
	GlobalSection(SolutionProperties) = preSolution
		HideSolutionNode = FALSE
	EndGlobalSection
	GlobalSection(NestedProjects) = preSolution
		{A72A90C4-C195-49EC-850E-EE6205680256} = {06ECBE6F-A05D-4549-B80D-7D35380303F1}
		{3D7F7707-A518-4FC2-ABDC-CAD0A1712680} = {06ECBE6F-A05D-4549-B80D-7D35380303F1}
		{C3D77C78-C78F-4E18-8AE1-BB29D3E30A9B} = {06ECBE6F-A05D-4549-B80D-7D35380303F1}
		{6D2404C0-7F69-4A66-8326-253AED706620} = {06ECBE6F-A05D-4549-B80D-7D35380303F1}
		{89C37F37-52F9-42FA-8A8E-C145CD6ABB64} = {06ECBE6F-A05D-4549-B80D-7D35380303F1}
		{A1B87D98-60DF-4F13-976C-B776F6415626} = {06ECBE6F-A05D-4549-B80D-7D35380303F1}
	EndGlobalSection
EndGlobal
