
Microsoft Visual Studio Solution File, Format Version 12.00
# Visual Studio 15
VisualStudioVersion = 15.0.28307.421
MinimumVisualStudioVersion = 10.0.40219.1
Project("{FAE04EC0-301F-11D3-BF4B-00C04F79EFBC}") = "LocationDaemon", "LocationDaemon.csproj", "{BBA7B7F9-4B0B-4468-A0F4-C46E5AD1158E}"
EndProject
Global
	GlobalSection(SolutionConfigurationPlatforms) = preSolution
		Debug|Any CPU = Debug|Any CPU
		Release|Any CPU = Release|Any CPU
	EndGlobalSection
	GlobalSection(ProjectConfigurationPlatforms) = postSolution
		{BBA7B7F9-4B0B-4468-A0F4-C46E5AD1158E}.Debug|Any CPU.ActiveCfg = Debug|Any CPU
		{BBA7B7F9-4B0B-4468-A0F4-C46E5AD1158E}.Debug|Any CPU.Build.0 = Debug|Any CPU
		{BBA7B7F9-4B0B-4468-A0F4-C46E5AD1158E}.Release|Any CPU.ActiveCfg = Release|Any CPU
		{BBA7B7F9-4B0B-4468-A0F4-C46E5AD1158E}.Release|Any CPU.Build.0 = Release|Any CPU
	EndGlobalSection
	GlobalSection(SolutionProperties) = preSolution
		HideSolutionNode = FALSE
	EndGlobalSection
	GlobalSection(ExtensibilityGlobals) = postSolution
		SolutionGuid = {963D2198-8FB3-4CCC-A06B-66E2FE6BB028}
	EndGlobalSection
EndGlobal
